
Microsoft Visual Studio Solution File, Format Version 12.00
# Visual Studio 14
VisualStudioVersion = 14.0.25420.1
MinimumVisualStudioVersion = 10.0.40219.1
Project("{FAE04EC0-301F-11D3-BF4B-00C04F79EFBC}") = "Lawnhiro_WebApp", "Lawnhiro_WebApp\Lawnhiro_WebApp.csproj", "{48690411-CD32-4618-ACB9-0F6AAF6DB4FF}"
EndProject
Global
	GlobalSection(SolutionConfigurationPlatforms) = preSolution
		Debug|Any CPU = Debug|Any CPU
		Release|Any CPU = Release|Any CPU
	EndGlobalSection
	GlobalSection(ProjectConfigurationPlatforms) = postSolution
		{48690411-CD32-4618-ACB9-0F6AAF6DB4FF}.Debug|Any CPU.ActiveCfg = Debug|Any CPU
		{48690411-CD32-4618-ACB9-0F6AAF6DB4FF}.Debug|Any CPU.Build.0 = Debug|Any CPU
		{48690411-CD32-4618-ACB9-0F6AAF6DB4FF}.Release|Any CPU.ActiveCfg = Release|Any CPU
		{48690411-CD32-4618-ACB9-0F6AAF6DB4FF}.Release|Any CPU.Build.0 = Release|Any CPU
	EndGlobalSection
	GlobalSection(SolutionProperties) = preSolution
		HideSolutionNode = FALSE
	EndGlobalSection
EndGlobal
